
Microsoft Visual Studio Solution File, Format Version 12.00
# Visual Studio Version 17
VisualStudioVersion = 17.1.32414.318
MinimumVisualStudioVersion = 10.0.40219.1
Project("{FAE04EC0-301F-11D3-BF4B-00C04F79EFBC}") = "final", "final.csproj", "{6ACED05A-DB17-4860-B15A-00437CF44643}"
EndProject
Global
	GlobalSection(SolutionConfigurationPlatforms) = preSolution
		Debug|Any CPU = Debug|Any CPU
		Release|Any CPU = Release|Any CPU
	EndGlobalSection
	GlobalSection(ProjectConfigurationPlatforms) = postSolution
		{6ACED05A-DB17-4860-B15A-00437CF44643}.Debug|Any CPU.ActiveCfg = Debug|Any CPU
		{6ACED05A-DB17-4860-B15A-00437CF44643}.Debug|Any CPU.Build.0 = Debug|Any CPU
		{6ACED05A-DB17-4860-B15A-00437CF44643}.Release|Any CPU.ActiveCfg = Release|Any CPU
		{6ACED05A-DB17-4860-B15A-00437CF44643}.Release|Any CPU.Build.0 = Release|Any CPU
	EndGlobalSection
	GlobalSection(SolutionProperties) = preSolution
		HideSolutionNode = FALSE
	EndGlobalSection
	GlobalSection(ExtensibilityGlobals) = postSolution
		SolutionGuid = {E2881B37-764E-4460-85DA-D85B3F34969E}
	EndGlobalSection
EndGlobal
